
Microsoft Visual Studio Solution File, Format Version 12.00
Project("{FAE04EC0-301F-11D3-BF4B-00C04F79EFBC}") = "TWeb", "TWeb.csproj", "{8D683C82-EC0C-4938-B587-DEF9BF94C751}"
EndProject
Project("{FAE04EC0-301F-11D3-BF4B-00C04F79EFBC}") = "TCom", "..\TCom\TCom.csproj", "{0CEAD419-3C04-49EC-A992-EB9EA3937788}"
EndProject
Global
	GlobalSection(SolutionConfigurationPlatforms) = preSolution
		Debug|Any CPU = Debug|Any CPU
		Release|Any CPU = Release|Any CPU
	EndGlobalSection
	GlobalSection(ProjectConfigurationPlatforms) = postSolution
		{8D683C82-EC0C-4938-B587-DEF9BF94C751}.Debug|Any CPU.ActiveCfg = Debug|Any CPU
		{8D683C82-EC0C-4938-B587-DEF9BF94C751}.Debug|Any CPU.Build.0 = Debug|Any CPU
		{8D683C82-EC0C-4938-B587-DEF9BF94C751}.Release|Any CPU.ActiveCfg = Release|Any CPU
		{8D683C82-EC0C-4938-B587-DEF9BF94C751}.Release|Any CPU.Build.0 = Release|Any CPU
		{0CEAD419-3C04-49EC-A992-EB9EA3937788}.Debug|Any CPU.ActiveCfg = Debug|Any CPU
		{0CEAD419-3C04-49EC-A992-EB9EA3937788}.Debug|Any CPU.Build.0 = Debug|Any CPU
		{0CEAD419-3C04-49EC-A992-EB9EA3937788}.Release|Any CPU.ActiveCfg = Release|Any CPU
		{0CEAD419-3C04-49EC-A992-EB9EA3937788}.Release|Any CPU.Build.0 = Release|Any CPU
	EndGlobalSection
EndGlobal
